
Microsoft Visual Studio Solution File, Format Version 12.00
# Visual Studio Version 16
VisualStudioVersion = 16.0.29209.62
MinimumVisualStudioVersion = 10.0.40219.1
Project("{FAE04EC0-301F-11D3-BF4B-00C04F79EFBC}") = "Repo", "Repo\Repo.csproj", "{81943A93-5741-4581-9D46-99FFBC899623}"
EndProject
Global
	GlobalSection(SolutionConfigurationPlatforms) = preSolution
		Debug|Any CPU = Debug|Any CPU
		Release|Any CPU = Release|Any CPU
	EndGlobalSection
	GlobalSection(ProjectConfigurationPlatforms) = postSolution
		{81943A93-5741-4581-9D46-99FFBC899623}.Debug|Any CPU.ActiveCfg = Debug|Any CPU
		{81943A93-5741-4581-9D46-99FFBC899623}.Debug|Any CPU.Build.0 = Debug|Any CPU
		{81943A93-5741-4581-9D46-99FFBC899623}.Release|Any CPU.ActiveCfg = Release|Any CPU
		{81943A93-5741-4581-9D46-99FFBC899623}.Release|Any CPU.Build.0 = Release|Any CPU
	EndGlobalSection
	GlobalSection(SolutionProperties) = preSolution
		HideSolutionNode = FALSE
	EndGlobalSection
	GlobalSection(ExtensibilityGlobals) = postSolution
		SolutionGuid = {53172A51-8D4A-41F3-9EB8-684DD9C31743}
	EndGlobalSection
EndGlobal
